// !$*UTF8*$!
{
	archiveVersion = 1;
	classes = {
	};
	objectVersion = 50;
	objects = {

/* Begin PBXBuildFile section */
		3518C668233BDF850097181A /* PlaylistController.swift in Sources */ = {isa = PBXBuildFile; fileRef = 3518C667233BDF850097181A /* PlaylistController.swift */; };
		3518C66A233BE6730097181A /* SongController.swift in Sources */ = {isa = PBXBuildFile; fileRef = 3518C669233BE6730097181A /* SongController.swift */; };
		35BC8185233BCF2F00F2BBBB /* AppDelegate.swift in Sources */ = {isa = PBXBuildFile; fileRef = 35BC8184233BCF2F00F2BBBB /* AppDelegate.swift */; };
		35BC818A233BCF3000F2BBBB /* Main.storyboard in Resources */ = {isa = PBXBuildFile; fileRef = 35BC8188233BCF3000F2BBBB /* Main.storyboard */; };
		35BC818D233BCF3000F2BBBB /* PlaylistCoreData.xcdatamodeld in Sources */ = {isa = PBXBuildFile; fileRef = 35BC818B233BCF3000F2BBBB /* PlaylistCoreData.xcdatamodeld */; };
		35BC818F233BCF3200F2BBBB /* Assets.xcassets in Resources */ = {isa = PBXBuildFile; fileRef = 35BC818E233BCF3200F2BBBB /* Assets.xcassets */; };
		35BC8192233BCF3200F2BBBB /* LaunchScreen.storyboard in Resources */ = {isa = PBXBuildFile; fileRef = 35BC8190233BCF3200F2BBBB /* LaunchScreen.storyboard */; };
		35BC819E233BD2C300F2BBBB /* PlaylistTableViewController.swift in Sources */ = {isa = PBXBuildFile; fileRef = 35BC819D233BD2C300F2BBBB /* PlaylistTableViewController.swift */; };
		35BC81A1233BD2D400F2BBBB /* SongTableViewController.swift in Sources */ = {isa = PBXBuildFile; fileRef = 35BC81A0233BD2D400F2BBBB /* SongTableViewController.swift */; };
		35BC81A6233BD88000F2BBBB /* CoreDataStack.swift in Sources */ = {isa = PBXBuildFile; fileRef = 35BC81A5233BD88000F2BBBB /* CoreDataStack.swift */; };
		35BC81A8233BDAE700F2BBBB /* Playlist+Convenience.swift in Sources */ = {isa = PBXBuildFile; fileRef = 35BC81A7233BDAE700F2BBBB /* Playlist+Convenience.swift */; };
		35BC81AA233BDC8100F2BBBB /* Song+Convenience.swift in Sources */ = {isa = PBXBuildFile; fileRef = 35BC81A9233BDC8100F2BBBB /* Song+Convenience.swift */; };
/* End PBXBuildFile section */

/* Begin PBXFileReference section */
		3518C667233BDF850097181A /* PlaylistController.swift */ = {isa = PBXFileReference; lastKnownFileType = sourcecode.swift; path = PlaylistController.swift; sourceTree = "<group>"; };
		3518C669233BE6730097181A /* SongController.swift */ = {isa = PBXFileReference; lastKnownFileType = sourcecode.swift; path = SongController.swift; sourceTree = "<group>"; };
		35BC8181233BCF2F00F2BBBB /* PlaylistCoreData.app */ = {isa = PBXFileReference; explicitFileType = wrapper.application; includeInIndex = 0; path = PlaylistCoreData.app; sourceTree = BUILT_PRODUCTS_DIR; };
		35BC8184233BCF2F00F2BBBB /* AppDelegate.swift */ = {isa = PBXFileReference; lastKnownFileType = sourcecode.swift; path = AppDelegate.swift; sourceTree = "<group>"; };
		35BC8189233BCF3000F2BBBB /* Base */ = {isa = PBXFileReference; lastKnownFileType = file.storyboard; name = Base; path = Base.lproj/Main.storyboard; sourceTree = "<group>"; };
		35BC818C233BCF3000F2BBBB /* PlaylistCoreData.xcdatamodel */ = {isa = PBXFileReference; lastKnownFileType = wrapper.xcdatamodel; path = PlaylistCoreData.xcdatamodel; sourceTree = "<group>"; };
		35BC818E233BCF3200F2BBBB /* Assets.xcassets */ = {isa = PBXFileReference; lastKnownFileType = folder.assetcatalog; path = Assets.xcassets; sourceTree = "<group>"; };
		35BC8191233BCF3200F2BBBB /* Base */ = {isa = PBXFileReference; lastKnownFileType = file.storyboard; name = Base; path = Base.lproj/LaunchScreen.storyboard; sourceTree = "<group>"; };
		35BC8193233BCF3200F2BBBB /* Info.plist */ = {isa = PBXFileReference; lastKnownFileType = text.plist.xml; path = Info.plist; sourceTree = "<group>"; };
		35BC819D233BD2C300F2BBBB /* PlaylistTableViewController.swift */ = {isa = PBXFileReference; lastKnownFileType = sourcecode.swift; path = PlaylistTableViewController.swift; sourceTree = "<group>"; };
		35BC81A0233BD2D400F2BBBB /* SongTableViewController.swift */ = {isa = PBXFileReference; lastKnownFileType = sourcecode.swift; path = SongTableViewController.swift; sourceTree = "<group>"; };
		35BC81A5233BD88000F2BBBB /* CoreDataStack.swift */ = {isa = PBXFileReference; lastKnownFileType = sourcecode.swift; path = CoreDataStack.swift; sourceTree = "<group>"; };
		35BC81A7233BDAE700F2BBBB /* Playlist+Convenience.swift */ = {isa = PBXFileReference; lastKnownFileType = sourcecode.swift; path = "Playlist+Convenience.swift"; sourceTree = "<group>"; };
		35BC81A9233BDC8100F2BBBB /* Song+Convenience.swift */ = {isa = PBXFileReference; lastKnownFileType = sourcecode.swift; path = "Song+Convenience.swift"; sourceTree = "<group>"; };
/* End PBXFileReference section */

/* Begin PBXFrameworksBuildPhase section */
		35BC817E233BCF2F00F2BBBB /* Frameworks */ = {
			isa = PBXFrameworksBuildPhase;
			buildActionMask = 2147483647;
			files = (
			);
			runOnlyForDeploymentPostprocessing = 0;
		};
/* End PBXFrameworksBuildPhase section */

/* Begin PBXGroup section */
		3518C666233BDF610097181A /* Models */ = {
			isa = PBXGroup;
			children = (
				35BC81A7233BDAE700F2BBBB /* Playlist+Convenience.swift */,
				35BC81A9233BDC8100F2BBBB /* Song+Convenience.swift */,
			);
			path = Models;
			sourceTree = "<group>";
		};
		35BC8178233BCF2F00F2BBBB = {
			isa = PBXGroup;
			children = (
				35BC8183233BCF2F00F2BBBB /* PlaylistCoreData */,
				35BC8182233BCF2F00F2BBBB /* Products */,
			);
			sourceTree = "<group>";
		};
		35BC8182233BCF2F00F2BBBB /* Products */ = {
			isa = PBXGroup;
			children = (
				35BC8181233BCF2F00F2BBBB /* PlaylistCoreData.app */,
			);
			name = Products;
			sourceTree = "<group>";
		};
		35BC8183233BCF2F00F2BBBB /* PlaylistCoreData */ = {
			isa = PBXGroup;
			children = (
				35BC81A5233BD88000F2BBBB /* CoreDataStack.swift */,
				3518C666233BDF610097181A /* Models */,
				35BC819B233BD2A500F2BBBB /* Controllers */,
				35BC819A233BD29B00F2BBBB /* Views */,
				35BC8199233BCF5A00F2BBBB /* Resources */,
				35BC818B233BCF3000F2BBBB /* PlaylistCoreData.xcdatamodeld */,
			);
			path = PlaylistCoreData;
			sourceTree = "<group>";
		};
		35BC8199233BCF5A00F2BBBB /* Resources */ = {
			isa = PBXGroup;
			children = (
				35BC8184233BCF2F00F2BBBB /* AppDelegate.swift */,
				35BC818E233BCF3200F2BBBB /* Assets.xcassets */,
				35BC8190233BCF3200F2BBBB /* LaunchScreen.storyboard */,
				35BC8193233BCF3200F2BBBB /* Info.plist */,
			);
			path = Resources;
			sourceTree = "<group>";
		};
		35BC819A233BD29B00F2BBBB /* Views */ = {
			isa = PBXGroup;
			children = (
				35BC8188233BCF3000F2BBBB /* Main.storyboard */,
			);
			path = Views;
			sourceTree = "<group>";
		};
		35BC819B233BD2A500F2BBBB /* Controllers */ = {
			isa = PBXGroup;
			children = (
				35BC81A2233BD2F400F2BBBB /* Model Controllers */,
				35BC819F233BD2C600F2BBBB /* View Controllers */,
			);
			path = Controllers;
			sourceTree = "<group>";
		};
		35BC819F233BD2C600F2BBBB /* View Controllers */ = {
			isa = PBXGroup;
			children = (
				35BC819D233BD2C300F2BBBB /* PlaylistTableViewController.swift */,
				35BC81A0233BD2D400F2BBBB /* SongTableViewController.swift */,
			);
			path = "View Controllers";
			sourceTree = "<group>";
		};
		35BC81A2233BD2F400F2BBBB /* Model Controllers */ = {
			isa = PBXGroup;
			children = (
				3518C667233BDF850097181A /* PlaylistController.swift */,
				3518C669233BE6730097181A /* SongController.swift */,
			);
			path = "Model Controllers";
			sourceTree = "<group>";
		};
/* End PBXGroup section */

/* Begin PBXNativeTarget section */
		35BC8180233BCF2F00F2BBBB /* PlaylistCoreData */ = {
			isa = PBXNativeTarget;
			buildConfigurationList = 35BC8196233BCF3200F2BBBB /* Build configuration list for PBXNativeTarget "PlaylistCoreData" */;
			buildPhases = (
				35BC817D233BCF2F00F2BBBB /* Sources */,
				35BC817E233BCF2F00F2BBBB /* Frameworks */,
				35BC817F233BCF2F00F2BBBB /* Resources */,
			);
			buildRules = (
			);
			dependencies = (
			);
			name = PlaylistCoreData;
			productName = PlaylistCoreData;
			productReference = 35BC8181233BCF2F00F2BBBB /* PlaylistCoreData.app */;
			productType = "com.apple.product-type.application";
		};
/* End PBXNativeTarget section */

/* Begin PBXProject section */
		35BC8179233BCF2F00F2BBBB /* Project object */ = {
			isa = PBXProject;
			attributes = {
				LastSwiftUpdateCheck = 1010;
				LastUpgradeCheck = 1010;
				ORGANIZATIONNAME = "Squanto Inc";
				TargetAttributes = {
					35BC8180233BCF2F00F2BBBB = {
						CreatedOnToolsVersion = 10.1;
					};
				};
			};
			buildConfigurationList = 35BC817C233BCF2F00F2BBBB /* Build configuration list for PBXProject "PlaylistCoreData" */;
			compatibilityVersion = "Xcode 9.3";
			developmentRegion = en;
			hasScannedForEncodings = 0;
			knownRegions = (
				en,
				Base,
			);
			mainGroup = 35BC8178233BCF2F00F2BBBB;
			productRefGroup = 35BC8182233BCF2F00F2BBBB /* Products */;
			projectDirPath = "";
			projectRoot = "";
			targets = (
				35BC8180233BCF2F00F2BBBB /* PlaylistCoreData */,
			);
		};
/* End PBXProject section */

/* Begin PBXResourcesBuildPhase section */
		35BC817F233BCF2F00F2BBBB /* Resources */ = {
			isa = PBXResourcesBuildPhase;
			buildActionMask = 2147483647;
			files = (
				35BC8192233BCF3200F2BBBB /* LaunchScreen.storyboard in Resources */,
				35BC818F233BCF3200F2BBBB /* Assets.xcassets in Resources */,
				35BC818A233BCF3000F2BBBB /* Main.storyboard in Resources */,
			);
			runOnlyForDeploymentPostprocessing = 0;
		};
/* End PBXResourcesBuildPhase section */

/* Begin PBXSourcesBuildPhase section */
		35BC817D233BCF2F00F2BBBB /* Sources */ = {
			isa = PBXSourcesBuildPhase;
			buildActionMask = 2147483647;
			files = (
				3518C66A233BE6730097181A /* SongController.swift in Sources */,
				35BC81A6233BD88000F2BBBB /* CoreDataStack.swift in Sources */,
				3518C668233BDF850097181A /* PlaylistController.swift in Sources */,
				35BC8185233BCF2F00F2BBBB /* AppDelegate.swift in Sources */,
				35BC819E233BD2C300F2BBBB /* PlaylistTableViewController.swift in Sources */,
				35BC81A1233BD2D400F2BBBB /* SongTableViewController.swift in Sources */,
				35BC818D233BCF3000F2BBBB /* PlaylistCoreData.xcdatamodeld in Sources */,
				35BC81A8233BDAE700F2BBBB /* Playlist+Convenience.swift in Sources */,
				35BC81AA233BDC8100F2BBBB /* Song+Convenience.swift in Sources */,
			);
			runOnlyForDeploymentPostprocessing = 0;
		};
/* End PBXSourcesBuildPhase section */

/* Begin PBXVariantGroup section */
		35BC8188233BCF3000F2BBBB /* Main.storyboard */ = {
			isa = PBXVariantGroup;
			children = (
				35BC8189233BCF3000F2BBBB /* Base */,
			);
			name = Main.storyboard;
			sourceTree = "<group>";
		};
		35BC8190233BCF3200F2BBBB /* LaunchScreen.storyboard */ = {
			isa = PBXVariantGroup;
			children = (
				35BC8191233BCF3200F2BBBB /* Base */,
			);
			name = LaunchScreen.storyboard;
			sourceTree = "<group>";
		};
/* End PBXVariantGroup section */

/* Begin XCBuildConfiguration section */
		35BC8194233BCF3200F2BBBB /* Debug */ = {
			isa = XCBuildConfiguration;
			buildSettings = {
				ALWAYS_SEARCH_USER_PATHS = NO;
				CLANG_ANALYZER_NONNULL = YES;
				CLANG_ANALYZER_NUMBER_OBJECT_CONVERSION = YES_AGGRESSIVE;
				CLANG_CXX_LANGUAGE_STANDARD = "gnu++14";
				CLANG_CXX_LIBRARY = "libc++";
				CLANG_ENABLE_MODULES = YES;
				CLANG_ENABLE_OBJC_ARC = YES;
				CLANG_ENABLE_OBJC_WEAK = YES;
				CLANG_WARN_BLOCK_CAPTURE_AUTORELEASING = YES;
				CLANG_WARN_BOOL_CONVERSION = YES;
				CLANG_WARN_COMMA = YES;
				CLANG_WARN_CONSTANT_CONVERSION = YES;
				CLANG_WARN_DEPRECATED_OBJC_IMPLEMENTATIONS = YES;
				CLANG_WARN_DIRECT_OBJC_ISA_USAGE = YES_ERROR;
				CLANG_WARN_DOCUMENTATION_COMMENTS = YES;
				CLANG_WARN_EMPTY_BODY = YES;
				CLANG_WARN_ENUM_CONVERSION = YES;
				CLANG_WARN_INFINITE_RECURSION = YES;
				CLANG_WARN_INT_CONVERSION = YES;
				CLANG_WARN_NON_LITERAL_NULL_CONVERSION = YES;
				CLANG_WARN_OBJC_IMPLICIT_RETAIN_SELF = YES;
				CLANG_WARN_OBJC_LITERAL_CONVERSION = YES;
				CLANG_WARN_OBJC_ROOT_CLASS = YES_ERROR;
				CLANG_WARN_RANGE_LOOP_ANALYSIS = YES;
				CLANG_WARN_STRICT_PROTOTYPES = YES;
				CLANG_WARN_SUSPICIOUS_MOVE = YES;
				CLANG_WARN_UNGUARDED_AVAILABILITY = YES_AGGRESSIVE;
				CLANG_WARN_UNREACHABLE_CODE = YES;
				CLANG_WARN__DUPLICATE_METHOD_MATCH = YES;
				CODE_SIGN_IDENTITY = "iPhone Developer";
				COPY_PHASE_STRIP = NO;
				DEBUG_INFORMATION_FORMAT = dwarf;
				ENABLE_STRICT_OBJC_MSGSEND = YES;
				ENABLE_TESTABILITY = YES;
				GCC_C_LANGUAGE_STANDARD = gnu11;
				GCC_DYNAMIC_NO_PIC = NO;
				GCC_NO_COMMON_BLOCKS = YES;
				GCC_OPTIMIZATION_LEVEL = 0;
				GCC_PREPROCESSOR_DEFINITIONS = (
					"DEBUG=1",
					"$(inherited)",
				);
				GCC_WARN_64_TO_32_BIT_CONVERSION = YES;
				GCC_WARN_ABOUT_RETURN_TYPE = YES_ERROR;
				GCC_WARN_UNDECLARED_SELECTOR = YES;
				GCC_WARN_UNINITIALIZED_AUTOS = YES_AGGRESSIVE;
				GCC_WARN_UNUSED_FUNCTION = YES;
				GCC_WARN_UNUSED_VARIABLE = YES;
				IPHONEOS_DEPLOYMENT_TARGET = 12.1;
				MTL_ENABLE_DEBUG_INFO = INCLUDE_SOURCE;
				MTL_FAST_MATH = YES;
				ONLY_ACTIVE_ARCH = YES;
				SDKROOT = iphoneos;
				SWIFT_ACTIVE_COMPILATION_CONDITIONS = DEBUG;
				SWIFT_OPTIMIZATION_LEVEL = "-Onone";
			};
			name = Debug;
		};
		35BC8195233BCF3200F2BBBB /* Release */ = {
			isa = XCBuildConfiguration;
			buildSettings = {
				ALWAYS_SEARCH_USER_PATHS = NO;
				CLANG_ANALYZER_NONNULL = YES;
				CLANG_ANALYZER_NUMBER_OBJECT_CONVERSION = YES_AGGRESSIVE;
				CLANG_CXX_LANGUAGE_STANDARD = "gnu++14";
				CLANG_CXX_LIBRARY = "libc++";
				CLANG_ENABLE_MODULES = YES;
				CLANG_ENABLE_OBJC_ARC = YES;
				CLANG_ENABLE_OBJC_WEAK = YES;
				CLANG_WARN_BLOCK_CAPTURE_AUTORELEASING = YES;
				CLANG_WARN_BOOL_CONVERSION = YES;
				CLANG_WARN_COMMA = YES;
				CLANG_WARN_CONSTANT_CONVERSION = YES;
				CLANG_WARN_DEPRECATED_OBJC_IMPLEMENTATIONS = YES;
				CLANG_WARN_DIRECT_OBJC_ISA_USAGE = YES_ERROR;
				CLANG_WARN_DOCUMENTATION_COMMENTS = YES;
				CLANG_WARN_EMPTY_BODY = YES;
				CLANG_WARN_ENUM_CONVERSION = YES;
				CLANG_WARN_INFINITE_RECURSION = YES;
				CLANG_WARN_INT_CONVERSION = YES;
				CLANG_WARN_NON_LITERAL_NULL_CONVERSION = YES;
				CLANG_WARN_OBJC_IMPLICIT_RETAIN_SELF = YES;
				CLANG_WARN_OBJC_LITERAL_CONVERSION = YES;
				CLANG_WARN_OBJC_ROOT_CLASS = YES_ERROR;
				CLANG_WARN_RANGE_LOOP_ANALYSIS = YES;
				CLANG_WARN_STRICT_PROTOTYPES = YES;
				CLANG_WARN_SUSPICIOUS_MOVE = YES;
				CLANG_WARN_UNGUARDED_AVAILABILITY = YES_AGGRESSIVE;
				CLANG_WARN_UNREACHABLE_CODE = YES;
				CLANG_WARN__DUPLICATE_METHOD_MATCH = YES;
				CODE_SIGN_IDENTITY = "iPhone Developer";
				COPY_PHASE_STRIP = NO;
				DEBUG_INFORMATION_FORMAT = "dwarf-with-dsym";
				ENABLE_NS_ASSERTIONS = NO;
				ENABLE_STRICT_OBJC_MSGSEND = YES;
				GCC_C_LANGUAGE_STANDARD = gnu11;
				GCC_NO_COMMON_BLOCKS = YES;
				GCC_WARN_64_TO_32_BIT_CONVERSION = YES;
				GCC_WARN_ABOUT_RETURN_TYPE = YES_ERROR;
				GCC_WARN_UNDECLARED_SELECTOR = YES;
				GCC_WARN_UNINITIALIZED_AUTOS = YES_AGGRESSIVE;
				GCC_WARN_UNUSED_FUNCTION = YES;
				GCC_WARN_UNUSED_VARIABLE = YES;
				IPHONEOS_DEPLOYMENT_TARGET = 12.1;
				MTL_ENABLE_DEBUG_INFO = NO;
				MTL_FAST_MATH = YES;
				SDKROOT = iphoneos;
				SWIFT_COMPILATION_MODE = wholemodule;
				SWIFT_OPTIMIZATION_LEVEL = "-O";
				VALIDATE_PRODUCT = YES;
			};
			name = Release;
		};
		35BC8197233BCF3200F2BBBB /* Debug */ = {
			isa = XCBuildConfiguration;
			buildSettings = {
				ASSETCATALOG_COMPILER_APPICON_NAME = AppIcon;
				CODE_SIGN_STYLE = Automatic;
				DEVELOPMENT_TEAM = EANQJ7L949;
				INFOPLIST_FILE = "$(SRCROOT)/PlaylistCoreData/Resources/Info.plist";
				LD_RUNPATH_SEARCH_PATHS = (
					"$(inherited)",
					"@executable_path/Frameworks",
				);
				PRODUCT_BUNDLE_IDENTIFIER = com.squantoinc.PlaylistCoreData;
				PRODUCT_NAME = "$(TARGET_NAME)";
				SWIFT_VERSION = 4.2;
				TARGETED_DEVICE_FAMILY = "1,2";
			};
			name = Debug;
		};
		35BC8198233BCF3200F2BBBB /* Release */ = {
			isa = XCBuildConfiguration;
			buildSettings = {
				ASSETCATALOG_COMPILER_APPICON_NAME = AppIcon;
				CODE_SIGN_STYLE = Automatic;
				DEVELOPMENT_TEAM = EANQJ7L949;
				INFOPLIST_FILE = "$(SRCROOT)/PlaylistCoreData/Resources/Info.plist";
				LD_RUNPATH_SEARCH_PATHS = (
					"$(inherited)",
					"@executable_path/Frameworks",
				);
				PRODUCT_BUNDLE_IDENTIFIER = com.squantoinc.PlaylistCoreData;
				PRODUCT_NAME = "$(TARGET_NAME)";
				SWIFT_VERSION = 4.2;
				TARGETED_DEVICE_FAMILY = "1,2";
			};
			name = Release;
		};
/* End XCBuildConfiguration section */

/* Begin XCConfigurationList section */
		35BC817C233BCF2F00F2BBBB /* Build configuration list for PBXProject "PlaylistCoreData" */ = {
			isa = XCConfigurationList;
			buildConfigurations = (
				35BC8194233BCF3200F2BBBB /* Debug */,
				35BC8195233BCF3200F2BBBB /* Release */,
			);
			defaultConfigurationIsVisible = 0;
			defaultConfigurationName = Release;
		};
		35BC8196233BCF3200F2BBBB /* Build configuration list for PBXNativeTarget "PlaylistCoreData" */ = {
			isa = XCConfigurationList;
			buildConfigurations = (
				35BC8197233BCF3200F2BBBB /* Debug */,
				35BC8198233BCF3200F2BBBB /* Release */,
			);
			defaultConfigurationIsVisible = 0;
			defaultConfigurationName = Release;
		};
/* End XCConfigurationList section */

/* Begin XCVersionGroup section */
		35BC818B233BCF3000F2BBBB /* PlaylistCoreData.xcdatamodeld */ = {
			isa = XCVersionGroup;
			children = (
				35BC818C233BCF3000F2BBBB /* PlaylistCoreData.xcdatamodel */,
			);
			currentVersion = 35BC818C233BCF3000F2BBBB /* PlaylistCoreData.xcdatamodel */;
			path = PlaylistCoreData.xcdatamodeld;
			sourceTree = "<group>";
			versionGroupType = wrapper.xcdatamodel;
		};
/* End XCVersionGroup section */
	};
	rootObject = 35BC8179233BCF2F00F2BBBB /* Project object */;
}
